
Microsoft Visual Studio Solution File, Format Version 10.00
# Visual Studio 2008
Project("{FAE04EC0-301F-11D3-BF4B-00C04F79EFBC}") = "ConvertToEncodingTool", "ConvertToEncodingTool\ConvertToEncodingTool.csproj", "{456665C4-F55C-4027-8EFA-C70F6F25EDC7}"
EndProject
Global
	GlobalSection(SolutionConfigurationPlatforms) = preSolution
		Debug|Any CPU = Debug|Any CPU
		Release|Any CPU = Release|Any CPU
	EndGlobalSection
	GlobalSection(ProjectConfigurationPlatforms) = postSolution
		{456665C4-F55C-4027-8EFA-C70F6F25EDC7}.Debug|Any CPU.ActiveCfg = Debug|Any CPU
		{456665C4-F55C-4027-8EFA-C70F6F25EDC7}.Debug|Any CPU.Build.0 = Debug|Any CPU
		{456665C4-F55C-4027-8EFA-C70F6F25EDC7}.Release|Any CPU.ActiveCfg = Release|Any CPU
		{456665C4-F55C-4027-8EFA-C70F6F25EDC7}.Release|Any CPU.Build.0 = Release|Any CPU
	EndGlobalSection
	GlobalSection(SolutionProperties) = preSolution
		HideSolutionNode = FALSE
	EndGlobalSection
EndGlobal
